{
  "lockfileVersion": 1,
  "workspaces": {
    "": {
      "name": "bob-plugin-openai-translator",
      "devDependencies": {
        "@biomejs/biome": "2.2.0",
        "@bob-translate/types": "1.1.0",
        "@types/bun": "latest",
        "typescript": "5.9.2",
      },
    },
  },
  "packages": {
    "@biomejs/biome": ["@biomejs/biome@2.2.0", "", { "optionalDependencies": { "@biomejs/cli-darwin-arm64": "2.2.0", "@biomejs/cli-darwin-x64": "2.2.0", "@biomejs/cli-linux-arm64": "2.2.0", "@biomejs/cli-linux-arm64-musl": "2.2.0", "@biomejs/cli-linux-x64": "2.2.0", "@biomejs/cli-linux-x64-musl": "2.2.0", "@biomejs/cli-win32-arm64": "2.2.0", "@biomejs/cli-win32-x64": "2.2.0" }, "bin": { "biome": "bin/biome" } }, "sha512-3On3RSYLsX+n9KnoSgfoYlckYBoU6VRM22cw1gB4Y0OuUVSYd/O/2saOJMrA4HFfA1Ff0eacOvMN1yAAvHtzIw=="],

    "@biomejs/cli-darwin-arm64": ["@biomejs/cli-darwin-arm64@2.2.0", "", { "os": "darwin", "cpu": "arm64" }, "sha512-zKbwUUh+9uFmWfS8IFxmVD6XwqFcENjZvEyfOxHs1epjdH3wyyMQG80FGDsmauPwS2r5kXdEM0v/+dTIA9FXAg=="],

    "@biomejs/cli-darwin-x64": ["@biomejs/cli-darwin-x64@2.2.0", "", { "os": "darwin", "cpu": "x64" }, "sha512-+OmT4dsX2eTfhD5crUOPw3RPhaR+SKVspvGVmSdZ9y9O/AgL8pla6T4hOn1q+VAFBHuHhsdxDRJgFCSC7RaMOw=="],

    "@biomejs/cli-linux-arm64": ["@biomejs/cli-linux-arm64@2.2.0", "", { "os": "linux", "cpu": "arm64" }, "sha512-6eoRdF2yW5FnW9Lpeivh7Mayhq0KDdaDMYOJnH9aT02KuSIX5V1HmWJCQQPwIQbhDh68Zrcpl8inRlTEan0SXw=="],

    "@biomejs/cli-linux-arm64-musl": ["@biomejs/cli-linux-arm64-musl@2.2.0", "", { "os": "linux", "cpu": "arm64" }, "sha512-egKpOa+4FL9YO+SMUMLUvf543cprjevNc3CAgDNFLcjknuNMcZ0GLJYa3EGTCR2xIkIUJDVneBV3O9OcIlCEZQ=="],

    "@biomejs/cli-linux-x64": ["@biomejs/cli-linux-x64@2.2.0", "", { "os": "linux", "cpu": "x64" }, "sha512-5UmQx/OZAfJfi25zAnAGHUMuOd+LOsliIt119x2soA2gLggQYrVPA+2kMUxR6Mw5M1deUF/AWWP2qpxgH7Nyfw=="],

    "@biomejs/cli-linux-x64-musl": ["@biomejs/cli-linux-x64-musl@2.2.0", "", { "os": "linux", "cpu": "x64" }, "sha512-I5J85yWwUWpgJyC1CcytNSGusu2p9HjDnOPAFG4Y515hwRD0jpR9sT9/T1cKHtuCvEQ/sBvx+6zhz9l9wEJGAg=="],

    "@biomejs/cli-win32-arm64": ["@biomejs/cli-win32-arm64@2.2.0", "", { "os": "win32", "cpu": "arm64" }, "sha512-n9a1/f2CwIDmNMNkFs+JI0ZjFnMO0jdOyGNtihgUNFnlmd84yIYY2KMTBmMV58ZlVHjgmY5Y6E1hVTnSRieggA=="],

    "@biomejs/cli-win32-x64": ["@biomejs/cli-win32-x64@2.2.0", "", { "os": "win32", "cpu": "x64" }, "sha512-Nawu5nHjP/zPKTIryh2AavzTc/KEg4um/MxWdXW0A6P/RZOyIpa7+QSjeXwAwX/utJGaCoXRPWtF3m5U/bB3Ww=="],

    "@bob-translate/types": ["@bob-translate/types@1.1.0", "", {}, "sha512-gt0d7MtGN+afwjcp2qPQAQH40miuM8Zs3NJd7E6kpSyQsf2z3mnUeugvnIT4xqfH+gb2u7dUkqNrbyqHyckHOw=="],

    "@types/bun": ["@types/bun@1.2.19", "", { "dependencies": { "bun-types": "1.2.19" } }, "sha512-d9ZCmrH3CJ2uYKXQIUuZ/pUnTqIvLDS0SK7pFmbx8ma+ziH/FRMoAq5bYpRG7y+w1gl+HgyNZbtqgMq4W4e2Lg=="],

    "@types/node": ["@types/node@24.2.1", "", { "dependencies": { "undici-types": "~7.10.0" } }, "sha512-DRh5K+ka5eJic8CjH7td8QpYEV6Zo10gfRkjHCO3weqZHWDtAaSTFtl4+VMqOJ4N5jcuhZ9/l+yy8rVgw7BQeQ=="],

    "@types/react": ["@types/react@19.1.9", "", { "dependencies": { "csstype": "^3.0.2" } }, "sha512-WmdoynAX8Stew/36uTSVMcLJJ1KRh6L3IZRx1PZ7qJtBqT3dYTgyDTx8H1qoRghErydW7xw9mSJ3wS//tCRpFA=="],

    "bun-types": ["bun-types@1.2.19", "", { "dependencies": { "@types/node": "*" }, "peerDependencies": { "@types/react": "^19" } }, "sha512-uAOTaZSPuYsWIXRpj7o56Let0g/wjihKCkeRqUBhlLVM/Bt+Fj9xTo+LhC1OV1XDaGkz4hNC80et5xgy+9KTHQ=="],

    "csstype": ["csstype@3.1.3", "", {}, "sha512-M1uQkMl8rQK/szD0LNhtqxIPLpimGm8sOBwU7lLnCpSbTyY3yeU1Vc7l4KT5zT4s/yOxHH5O7tIuuLOCnLADRw=="],

    "typescript": ["typescript@5.9.2", "", { "bin": { "tsc": "bin/tsc", "tsserver": "bin/tsserver" } }, "sha512-CWBzXQrc/qOkhidw1OzBTQuYRbfyxDXJMVJ1XNwUHGROVmuaeiEm3OslpZ1RV96d7SKKjZKrSJu3+t/xlw3R9A=="],

    "undici-types": ["undici-types@7.10.0", "", {}, "sha512-t5Fy/nfn+14LuOc2KNYg75vZqClpAiqscVvMygNnlsHBFpSXdJaYtXMcdNLpl/Qvc3P2cB3s6lOV51nqsFq4ag=="],
  }
}
